<?xml version="1.0" encoding="utf-8"?>
<Project ToolsVersion="4.0" xmlns="http://schemas.microsoft.com/developer/msbuild/2003">
  <ItemGroup>
    <Filter Include="Source Files">
      <UniqueIdentifier>{4FC737F1-C7A5-4376-A066-2A32D752A2FF}</UniqueIdentifier>
      <Extensions>cpp;c;cxx;def;odl;idl;hpj;bat;asm;asmx</Extensions>
    </Filter>
    <Filter Include="Source Files\interface">
      <UniqueIdentifier>{6e069c1b-66b8-4fb9-bc05-6d37871364ab}</UniqueIdentifier>
    </Filter>
    <Filter Include="Source Files\misc">
      <UniqueIdentifier>{0a59a964-662e-4bd5-9983-c4bf88c816d2}</UniqueIdentifier>
    </Filter>
    <Filter Include="Source Files\renderer">
      <UniqueIdentifier>{ac669916-aa5e-477b-b628-35f2c2309d31}</UniqueIdentifier>
    </Filter>
    <Filter Include="Source Files\set generation">
      <UniqueIdentifier>{ec06d87f-c95f-49ba-870a-5f296cc4e3b6}</UniqueIdentifier>
    </Filter>
    <Filter Include="Source Files\hash algorithms">
      <UniqueIdentifier>{69fe44df-78d4-4e3e-832e-37592dc2d1bb}</UniqueIdentifier>
    </Filter>
    <Filter Include="Header Files">
      <UniqueIdentifier>{93995380-89BD-4b04-88EB-625FBE52EBFB}</UniqueIdentifier>
      <Extensions>h;hpp;hxx;hm;inl;inc;xsd</Extensions>
    </Filter>
    <Filter Include="Header Files\interface">
      <UniqueIdentifier>{397bb106-b9fb-45b0-b4a8-3f648100a539}</UniqueIdentifier>
    </Filter>
    <Filter Include="Header Files\misc">
      <UniqueIdentifier>{6383940a-fb5d-44d2-adbc-5f5202cc7fe6}</UniqueIdentifier>
    </Filter>
    <Filter Include="Header Files\renderer">
      <UniqueIdentifier>{89988bba-4c4d-451d-bf2c-e56537f50229}</UniqueIdentifier>
    </Filter>
    <Filter Include="Header Files\quaternion math lib">
      <UniqueIdentifier>{4a234519-bdd7-49a7-ae44-ce8e18dd2f48}</UniqueIdentifier>
    </Filter>
    <Filter Include="Header Files\hash algorithms">
      <UniqueIdentifier>{7cf28716-8953-4c4b-b58c-00bd5b2e1cff}</UniqueIdentifier>
    </Filter>
    <Filter Include="Resource Files">
      <UniqueIdentifier>{67DA6AB6-F800-4c08-8B7A-83BB121AAD01}</UniqueIdentifier>
      <Extensions>rc;ico;cur;bmp;dlg;rc2;rct;bin;rgs;gif;jpg;jpeg;jpe;resx</Extensions>
    </Filter>
    <Filter Include="Header Files\set generation">
      <UniqueIdentifier>{5794dbec-4f5c-4a32-93ce-b9b18c1c9697}</UniqueIdentifier>
    </Filter>
  </ItemGroup>
  <ItemGroup>
    <ClCompile Include="about_dialog.cpp">
      <Filter>Source Files\interface</Filter>
    </ClCompile>
    <ClCompile Include="cache_settings_dialog.cpp">
      <Filter>Source Files\interface</Filter>
    </ClCompile>
    <ClCompile Include="disk_settings.cpp">
      <Filter>Source Files\interface</Filter>
    </ClCompile>
    <ClCompile Include="julia4d2.cpp">
      <Filter>Source Files\interface</Filter>
    </ClCompile>
    <ClCompile Include="julia4d2View.cpp">
      <Filter>Source Files\interface</Filter>
    </ClCompile>
    <ClCompile Include="license_dialog.cpp">
      <Filter>Source Files\interface</Filter>
    </ClCompile>
    <ClCompile Include="MainFrm.cpp">
      <Filter>Source Files\interface</Filter>
    </ClCompile>
    <ClCompile Include="splash_dialog.cpp">
      <Filter>Source Files\interface</Filter>
    </ClCompile>
    <ClCompile Include="julia4d2Doc.cpp">
      <Filter>Source Files\misc</Filter>
    </ClCompile>
    <ClCompile Include="perlin.cpp">
      <Filter>Source Files\misc</Filter>
    </ClCompile>
    <ClCompile Include="stdafx.cpp">
      <Filter>Source Files\misc</Filter>
    </ClCompile>
    <ClCompile Include="timer.cpp">
      <Filter>Source Files\misc</Filter>
    </ClCompile>
    <ClCompile Include="utilities.cpp">
      <Filter>Source Files\misc</Filter>
    </ClCompile>
    <ClCompile Include="d3dpointsetrenderer.cpp">
      <Filter>Source Files\renderer</Filter>
    </ClCompile>
    <ClCompile Include="dxutil.cpp">
      <Filter>Source Files\renderer</Filter>
    </ClCompile>
    <ClCompile Include="eqparse.cpp">
      <Filter>Source Files\set generation</Filter>
    </ClCompile>
    <ClCompile Include="j4d2_cache_system.cpp">
      <Filter>Source Files\set generation</Filter>
    </ClCompile>
    <ClCompile Include="marching_cube_luts.cpp">
      <Filter>Source Files\set generation</Filter>
    </ClCompile>
    <ClCompile Include="quaternion_julia_set.cpp">
      <Filter>Source Files\set generation</Filter>
    </ClCompile>
    <ClCompile Include="set_generation_package.cpp">
      <Filter>Source Files\set generation</Filter>
    </ClCompile>
    <ClCompile Include="volumize_hopf_map.cpp">
      <Filter>Source Files\set generation</Filter>
    </ClCompile>
    <ClCompile Include="md5.cpp">
      <Filter>Source Files\hash algorithms</Filter>
    </ClCompile>
  </ItemGroup>
  <ItemGroup>
    <ClInclude Include="about_dialog.h">
      <Filter>Header Files\interface</Filter>
    </ClInclude>
    <ClInclude Include="cache_settings_dialog.h">
      <Filter>Header Files\interface</Filter>
    </ClInclude>
    <ClInclude Include="disk_settings_dialog.h">
      <Filter>Header Files\interface</Filter>
    </ClInclude>
    <ClInclude Include="julia4d2.h">
      <Filter>Header Files\interface</Filter>
    </ClInclude>
    <ClInclude Include="julia4d2View.h">
      <Filter>Header Files\interface</Filter>
    </ClInclude>
    <ClInclude Include="license_dialog.h">
      <Filter>Header Files\interface</Filter>
    </ClInclude>
    <ClInclude Include="MainFrm.h">
      <Filter>Header Files\interface</Filter>
    </ClInclude>
    <ClInclude Include="splash_dialog.h">
      <Filter>Header Files\interface</Filter>
    </ClInclude>
    <ClInclude Include="defines.h">
      <Filter>Header Files\misc</Filter>
    </ClInclude>
    <ClInclude Include="julia4d2Doc.h">
      <Filter>Header Files\misc</Filter>
    </ClInclude>
    <ClInclude Include="perlin.h">
      <Filter>Header Files\misc</Filter>
    </ClInclude>
    <ClInclude Include="Resource.h">
      <Filter>Header Files\misc</Filter>
    </ClInclude>
    <ClInclude Include="stdafx.h">
      <Filter>Header Files\misc</Filter>
    </ClInclude>
    <ClInclude Include="timer.h">
      <Filter>Header Files\misc</Filter>
    </ClInclude>
    <ClInclude Include="utilities.h">
      <Filter>Header Files\misc</Filter>
    </ClInclude>
    <ClInclude Include="arc_ball.h">
      <Filter>Header Files\renderer</Filter>
    </ClInclude>
    <ClInclude Include="axis_indicators.h">
      <Filter>Header Files\renderer</Filter>
    </ClInclude>
    <ClInclude Include="d3dpointsetrenderer.h">
      <Filter>Header Files\renderer</Filter>
    </ClInclude>
    <ClInclude Include="dxutil.h">
      <Filter>Header Files\renderer</Filter>
    </ClInclude>
    <ClInclude Include="eqparse.h">
      <Filter>Header Files\set generation</Filter>
    </ClInclude>
    <ClInclude Include="iterators.h">
      <Filter>Header Files\set generation</Filter>
    </ClInclude>
    <ClInclude Include="j4d2_cache_system.h">
      <Filter>Header Files\set generation</Filter>
    </ClInclude>
    <ClInclude Include="marching_cubes_types.h">
      <Filter>Header Files\set generation</Filter>
    </ClInclude>
    <ClInclude Include="quaternion_julia_set.h">
      <Filter>Header Files\set generation</Filter>
    </ClInclude>
    <ClInclude Include="SaveOBJ.h">
      <Filter>Header Files\set generation</Filter>
    </ClInclude>
    <ClInclude Include="set_generation_package.h">
      <Filter>Header Files\set generation</Filter>
    </ClInclude>
    <ClInclude Include="volumize_hopf_map.h">
      <Filter>Header Files\set generation</Filter>
    </ClInclude>
    <ClInclude Include="quaternion_math.h">
      <Filter>Header Files\quaternion math lib</Filter>
    </ClInclude>
    <ClInclude Include="quaternion_math_base.h">
      <Filter>Header Files\quaternion math lib</Filter>
    </ClInclude>
    <ClInclude Include="quaternion_math_constant_column.h">
      <Filter>Header Files\quaternion math lib</Filter>
    </ClInclude>
    <ClInclude Include="quaternion_math_custom.h">
      <Filter>Header Files\quaternion math lib</Filter>
    </ClInclude>
    <ClInclude Include="quaternion_math_custom_constant_column.h">
      <Filter>Header Files\quaternion math lib</Filter>
    </ClInclude>
    <ClInclude Include="quaternion_math_default.h">
      <Filter>Header Files\quaternion math lib</Filter>
    </ClInclude>
    <ClInclude Include="md5.h">
      <Filter>Header Files\hash algorithms</Filter>
    </ClInclude>
  </ItemGroup>
  <ItemGroup>
    <None Include="res\julia4d2.ico">
      <Filter>Resource Files</Filter>
    </None>
    <None Include="res\julia4d2.rc2">
      <Filter>Resource Files</Filter>
    </None>
    <None Include="res\julia4d2Doc.ico">
      <Filter>Resource Files</Filter>
    </None>
    <None Include="res\mainsplash.bmp">
      <Filter>Resource Files</Filter>
    </None>
    <None Include="res\splashscreen.bmp">
      <Filter>Resource Files</Filter>
    </None>
    <None Include="julia4d2.reg" />
    <None Include="ReadMe.txt" />
  </ItemGroup>
  <ItemGroup>
    <ResourceCompile Include="julia4d2.rc">
      <Filter>Resource Files</Filter>
    </ResourceCompile>
  </ItemGroup>
</Project>